
Microsoft Visual Studio Solution File, Format Version 12.00
# Visual Studio Version 16
VisualStudioVersion = 16.0.32228.343
MinimumVisualStudioVersion = 10.0.40219.1
Project("{FAE04EC0-301F-11D3-BF4B-00C04F79EFBC}") = "ComicListXam.Android", "ComicListXam\ComicListXam.Android\ComicListXam.Android.csproj", "{A48AB112-3A4A-43DA-A3C1-D38EB5D58289}"
EndProject
Project("{FAE04EC0-301F-11D3-BF4B-00C04F79EFBC}") = "ComicListXam.iOS", "ComicListXam\ComicListXam.iOS\ComicListXam.iOS.csproj", "{028F2E1A-9367-4B92-A2AF-4E14F302C67C}"
EndProject
Project("{FAE04EC0-301F-11D3-BF4B-00C04F79EFBC}") = "ComicListXam", "ComicListXam\ComicListXam\ComicListXam.csproj", "{7D59D2A8-B669-48E1-86FC-85A8779B70D0}"
EndProject
Global
	GlobalSection(SolutionConfigurationPlatforms) = preSolution
		Debug|Any CPU = Debug|Any CPU
		Debug|iPhone = Debug|iPhone
		Debug|iPhoneSimulator = Debug|iPhoneSimulator
		Release|Any CPU = Release|Any CPU
		Release|iPhone = Release|iPhone
		Release|iPhoneSimulator = Release|iPhoneSimulator
	EndGlobalSection
	GlobalSection(ProjectConfigurationPlatforms) = postSolution
		{A48AB112-3A4A-43DA-A3C1-D38EB5D58289}.Debug|Any CPU.ActiveCfg = Debug|Any CPU
		{A48AB112-3A4A-43DA-A3C1-D38EB5D58289}.Debug|Any CPU.Build.0 = Debug|Any CPU
		{A48AB112-3A4A-43DA-A3C1-D38EB5D58289}.Debug|Any CPU.Deploy.0 = Debug|Any CPU
		{A48AB112-3A4A-43DA-A3C1-D38EB5D58289}.Debug|iPhone.ActiveCfg = Debug|Any CPU
		{A48AB112-3A4A-43DA-A3C1-D38EB5D58289}.Debug|iPhone.Build.0 = Debug|Any CPU
		{A48AB112-3A4A-43DA-A3C1-D38EB5D58289}.Debug|iPhone.Deploy.0 = Debug|Any CPU
		{A48AB112-3A4A-43DA-A3C1-D38EB5D58289}.Debug|iPhoneSimulator.ActiveCfg = Debug|Any CPU
		{A48AB112-3A4A-43DA-A3C1-D38EB5D58289}.Debug|iPhoneSimulator.Build.0 = Debug|Any CPU
		{A48AB112-3A4A-43DA-A3C1-D38EB5D58289}.Debug|iPhoneSimulator.Deploy.0 = Debug|Any CPU
		{A48AB112-3A4A-43DA-A3C1-D38EB5D58289}.Release|Any CPU.ActiveCfg = Release|Any CPU
		{A48AB112-3A4A-43DA-A3C1-D38EB5D58289}.Release|Any CPU.Build.0 = Release|Any CPU
		{A48AB112-3A4A-43DA-A3C1-D38EB5D58289}.Release|Any CPU.Deploy.0 = Release|Any CPU
		{A48AB112-3A4A-43DA-A3C1-D38EB5D58289}.Release|iPhone.ActiveCfg = Release|Any CPU
		{A48AB112-3A4A-43DA-A3C1-D38EB5D58289}.Release|iPhone.Build.0 = Release|Any CPU
		{A48AB112-3A4A-43DA-A3C1-D38EB5D58289}.Release|iPhone.Deploy.0 = Release|Any CPU
		{A48AB112-3A4A-43DA-A3C1-D38EB5D58289}.Release|iPhoneSimulator.ActiveCfg = Release|Any CPU
		{A48AB112-3A4A-43DA-A3C1-D38EB5D58289}.Release|iPhoneSimulator.Build.0 = Release|Any CPU
		{A48AB112-3A4A-43DA-A3C1-D38EB5D58289}.Release|iPhoneSimulator.Deploy.0 = Release|Any CPU
		{028F2E1A-9367-4B92-A2AF-4E14F302C67C}.Debug|Any CPU.ActiveCfg = Debug|iPhone
		{028F2E1A-9367-4B92-A2AF-4E14F302C67C}.Debug|Any CPU.Build.0 = Debug|iPhone
		{028F2E1A-9367-4B92-A2AF-4E14F302C67C}.Debug|Any CPU.Deploy.0 = Debug|iPhone
		{028F2E1A-9367-4B92-A2AF-4E14F302C67C}.Debug|iPhone.ActiveCfg = Debug|iPhone
		{028F2E1A-9367-4B92-A2AF-4E14F302C67C}.Debug|iPhone.Build.0 = Debug|iPhone
		{028F2E1A-9367-4B92-A2AF-4E14F302C67C}.Debug|iPhone.Deploy.0 = Debug|iPhone
		{028F2E1A-9367-4B92-A2AF-4E14F302C67C}.Debug|iPhoneSimulator.ActiveCfg = Debug|iPhoneSimulator
		{028F2E1A-9367-4B92-A2AF-4E14F302C67C}.Debug|iPhoneSimulator.Build.0 = Debug|iPhoneSimulator
		{028F2E1A-9367-4B92-A2AF-4E14F302C67C}.Debug|iPhoneSimulator.Deploy.0 = Debug|iPhoneSimulator
		{028F2E1A-9367-4B92-A2AF-4E14F302C67C}.Release|Any CPU.ActiveCfg = Release|iPhoneSimulator
		{028F2E1A-9367-4B92-A2AF-4E14F302C67C}.Release|Any CPU.Build.0 = Release|iPhoneSimulator
		{028F2E1A-9367-4B92-A2AF-4E14F302C67C}.Release|Any CPU.Deploy.0 = Release|iPhoneSimulator
		{028F2E1A-9367-4B92-A2AF-4E14F302C67C}.Release|iPhone.ActiveCfg = Release|iPhone
		{028F2E1A-9367-4B92-A2AF-4E14F302C67C}.Release|iPhone.Build.0 = Release|iPhone
		{028F2E1A-9367-4B92-A2AF-4E14F302C67C}.Release|iPhone.Deploy.0 = Release|iPhone
		{028F2E1A-9367-4B92-A2AF-4E14F302C67C}.Release|iPhoneSimulator.ActiveCfg = Release|iPhoneSimulator
		{028F2E1A-9367-4B92-A2AF-4E14F302C67C}.Release|iPhoneSimulator.Build.0 = Release|iPhoneSimulator
		{028F2E1A-9367-4B92-A2AF-4E14F302C67C}.Release|iPhoneSimulator.Deploy.0 = Release|iPhoneSimulator
		{7D59D2A8-B669-48E1-86FC-85A8779B70D0}.Debug|Any CPU.ActiveCfg = Debug|Any CPU
		{7D59D2A8-B669-48E1-86FC-85A8779B70D0}.Debug|Any CPU.Build.0 = Debug|Any CPU
		{7D59D2A8-B669-48E1-86FC-85A8779B70D0}.Debug|Any CPU.Deploy.0 = Debug|Any CPU
		{7D59D2A8-B669-48E1-86FC-85A8779B70D0}.Debug|iPhone.ActiveCfg = Debug|Any CPU
		{7D59D2A8-B669-48E1-86FC-85A8779B70D0}.Debug|iPhone.Build.0 = Debug|Any CPU
		{7D59D2A8-B669-48E1-86FC-85A8779B70D0}.Debug|iPhone.Deploy.0 = Debug|Any CPU
		{7D59D2A8-B669-48E1-86FC-85A8779B70D0}.Debug|iPhoneSimulator.ActiveCfg = Debug|Any CPU
		{7D59D2A8-B669-48E1-86FC-85A8779B70D0}.Debug|iPhoneSimulator.Build.0 = Debug|Any CPU
		{7D59D2A8-B669-48E1-86FC-85A8779B70D0}.Debug|iPhoneSimulator.Deploy.0 = Debug|Any CPU
		{7D59D2A8-B669-48E1-86FC-85A8779B70D0}.Release|Any CPU.ActiveCfg = Release|Any CPU
		{7D59D2A8-B669-48E1-86FC-85A8779B70D0}.Release|Any CPU.Build.0 = Release|Any CPU
		{7D59D2A8-B669-48E1-86FC-85A8779B70D0}.Release|Any CPU.Deploy.0 = Release|Any CPU
		{7D59D2A8-B669-48E1-86FC-85A8779B70D0}.Release|iPhone.ActiveCfg = Release|Any CPU
		{7D59D2A8-B669-48E1-86FC-85A8779B70D0}.Release|iPhone.Build.0 = Release|Any CPU
		{7D59D2A8-B669-48E1-86FC-85A8779B70D0}.Release|iPhone.Deploy.0 = Release|Any CPU
		{7D59D2A8-B669-48E1-86FC-85A8779B70D0}.Release|iPhoneSimulator.ActiveCfg = Release|Any CPU
		{7D59D2A8-B669-48E1-86FC-85A8779B70D0}.Release|iPhoneSimulator.Build.0 = Release|Any CPU
		{7D59D2A8-B669-48E1-86FC-85A8779B70D0}.Release|iPhoneSimulator.Deploy.0 = Release|Any CPU
	EndGlobalSection
	GlobalSection(SolutionProperties) = preSolution
		HideSolutionNode = FALSE
	EndGlobalSection
	GlobalSection(ExtensibilityGlobals) = postSolution
		SolutionGuid = {4BD4C039-D3D8-4326-BE43-9033389CBB83}
	EndGlobalSection
EndGlobal
